
Microsoft Visual Studio Solution File, Format Version 12.00
# Visual Studio Version 17
VisualStudioVersion = 17.10.35013.160
MinimumVisualStudioVersion = 10.0.40219.1
Project("{FAE04EC0-301F-11D3-BF4B-00C04F79EFBC}") = "LCF", "LCF.csproj", "{8606A304-F4AD-4620-8317-F8316204CCBF}"
EndProject
Global
	GlobalSection(SolutionConfigurationPlatforms) = preSolution
		Debug|Any CPU = Debug|Any CPU
		Release|Any CPU = Release|Any CPU
	EndGlobalSection
	GlobalSection(ProjectConfigurationPlatforms) = postSolution
		{8606A304-F4AD-4620-8317-F8316204CCBF}.Debug|Any CPU.ActiveCfg = Debug|Any CPU
		{8606A304-F4AD-4620-8317-F8316204CCBF}.Debug|Any CPU.Build.0 = Debug|Any CPU
		{8606A304-F4AD-4620-8317-F8316204CCBF}.Release|Any CPU.ActiveCfg = Release|Any CPU
		{8606A304-F4AD-4620-8317-F8316204CCBF}.Release|Any CPU.Build.0 = Release|Any CPU
	EndGlobalSection
	GlobalSection(SolutionProperties) = preSolution
		HideSolutionNode = FALSE
	EndGlobalSection
	GlobalSection(ExtensibilityGlobals) = postSolution
		SolutionGuid = {3933BA33-DCE5-4B0B-B5D3-FF1031FF8199}
	EndGlobalSection
EndGlobal
